// !$*UTF8*$!
{
	archiveVersion = 1;
	classes = {
	};
	objectVersion = 56;
	objects = {

/* Begin PBXBuildFile section */
		502E553F2BAD9E4B00C2A7F2 /* PushupsView.swift in Sources */ = {isa = PBXBuildFile; fileRef = 502E553E2BAD9E4B00C2A7F2 /* PushupsView.swift */; };
		505FD9492BA4658B00C0B306 /* RoundedSpacer.swift in Sources */ = {isa = PBXBuildFile; fileRef = 505FD9482BA4658B00C0B306 /* RoundedSpacer.swift */; };
		505FD94F2BA468CB00C0B306 /* Day.swift in Sources */ = {isa = PBXBuildFile; fileRef = 505FD94E2BA468CB00C0B306 /* Day.swift */; };
		505FD9512BA46E8F00C0B306 /* HomeViewModel.swift in Sources */ = {isa = PBXBuildFile; fileRef = 505FD9502BA46E8F00C0B306 /* HomeViewModel.swift */; };
		507D24132B94F75900FCCB6F /* PushUpsApp.swift in Sources */ = {isa = PBXBuildFile; fileRef = 507D24122B94F75900FCCB6F /* PushUpsApp.swift */; };
		507D24172B94F75B00FCCB6F /* Assets.xcassets in Resources */ = {isa = PBXBuildFile; fileRef = 507D24162B94F75B00FCCB6F /* Assets.xcassets */; };
		507D241A2B94F75B00FCCB6F /* Preview Assets.xcassets in Resources */ = {isa = PBXBuildFile; fileRef = 507D24192B94F75B00FCCB6F /* Preview Assets.xcassets */; };
		507D24242B94F78A00FCCB6F /* DayButton.swift in Sources */ = {isa = PBXBuildFile; fileRef = 507D24232B94F78A00FCCB6F /* DayButton.swift */; };
		507D24292B94F85D00FCCB6F /* CircularProgressBar.swift in Sources */ = {isa = PBXBuildFile; fileRef = 507D24282B94F85D00FCCB6F /* CircularProgressBar.swift */; };
		507D242B2B94FA2500FCCB6F /* HomeView.swift in Sources */ = {isa = PBXBuildFile; fileRef = 507D242A2B94FA2500FCCB6F /* HomeView.swift */; };
		507D242F2B94FF2200FCCB6F /* OnboardingView.swift in Sources */ = {isa = PBXBuildFile; fileRef = 507D242E2B94FF2200FCCB6F /* OnboardingView.swift */; };
		507D24312B9503AF00FCCB6F /* HowManyPushupsView.swift in Sources */ = {isa = PBXBuildFile; fileRef = 507D24302B9503AF00FCCB6F /* HowManyPushupsView.swift */; };
		CEFA9D052BD52ACB001346CE /* PushupsViewModel.swift in Sources */ = {isa = PBXBuildFile; fileRef = CEFA9D042BD52ACB001346CE /* PushupsViewModel.swift */; };
/* End PBXBuildFile section */

/* Begin PBXFileReference section */
		502E553E2BAD9E4B00C2A7F2 /* PushupsView.swift */ = {isa = PBXFileReference; lastKnownFileType = sourcecode.swift; path = PushupsView.swift; sourceTree = "<group>"; };
		505FD9482BA4658B00C0B306 /* RoundedSpacer.swift */ = {isa = PBXFileReference; lastKnownFileType = sourcecode.swift; path = RoundedSpacer.swift; sourceTree = "<group>"; };
		505FD94B2BA4673C00C0B306 /* PROJECT NOTES.md */ = {isa = PBXFileReference; lastKnownFileType = net.daringfireball.markdown; path = "PROJECT NOTES.md"; sourceTree = "<group>"; };
		505FD94E2BA468CB00C0B306 /* Day.swift */ = {isa = PBXFileReference; lastKnownFileType = sourcecode.swift; path = Day.swift; sourceTree = "<group>"; };
		505FD9502BA46E8F00C0B306 /* HomeViewModel.swift */ = {isa = PBXFileReference; lastKnownFileType = sourcecode.swift; path = HomeViewModel.swift; sourceTree = "<group>"; };
		507D240F2B94F75900FCCB6F /* PushUps.app */ = {isa = PBXFileReference; explicitFileType = wrapper.application; includeInIndex = 0; path = PushUps.app; sourceTree = BUILT_PRODUCTS_DIR; };
		507D24122B94F75900FCCB6F /* PushUpsApp.swift */ = {isa = PBXFileReference; lastKnownFileType = sourcecode.swift; path = PushUpsApp.swift; sourceTree = "<group>"; };
		507D24162B94F75B00FCCB6F /* Assets.xcassets */ = {isa = PBXFileReference; lastKnownFileType = folder.assetcatalog; path = Assets.xcassets; sourceTree = "<group>"; };
		507D24192B94F75B00FCCB6F /* Preview Assets.xcassets */ = {isa = PBXFileReference; lastKnownFileType = folder.assetcatalog; path = "Preview Assets.xcassets"; sourceTree = "<group>"; };
		507D24232B94F78A00FCCB6F /* DayButton.swift */ = {isa = PBXFileReference; lastKnownFileType = sourcecode.swift; path = DayButton.swift; sourceTree = "<group>"; };
		507D24282B94F85D00FCCB6F /* CircularProgressBar.swift */ = {isa = PBXFileReference; lastKnownFileType = sourcecode.swift; path = CircularProgressBar.swift; sourceTree = "<group>"; };
		507D242A2B94FA2500FCCB6F /* HomeView.swift */ = {isa = PBXFileReference; lastKnownFileType = sourcecode.swift; path = HomeView.swift; sourceTree = "<group>"; };
		507D242E2B94FF2200FCCB6F /* OnboardingView.swift */ = {isa = PBXFileReference; lastKnownFileType = sourcecode.swift; path = OnboardingView.swift; sourceTree = "<group>"; };
		507D24302B9503AF00FCCB6F /* HowManyPushupsView.swift */ = {isa = PBXFileReference; lastKnownFileType = sourcecode.swift; path = HowManyPushupsView.swift; sourceTree = "<group>"; };
		CEFA9D042BD52ACB001346CE /* PushupsViewModel.swift */ = {isa = PBXFileReference; lastKnownFileType = sourcecode.swift; path = PushupsViewModel.swift; sourceTree = "<group>"; };
/* End PBXFileReference section */

/* Begin PBXFrameworksBuildPhase section */
		507D240C2B94F75900FCCB6F /* Frameworks */ = {
			isa = PBXFrameworksBuildPhase;
			buildActionMask = 2147483647;
			files = (
			);
			runOnlyForDeploymentPostprocessing = 0;
		};
/* End PBXFrameworksBuildPhase section */

/* Begin PBXGroup section */
		502E553C2BAD9E1E00C2A7F2 /* Home */ = {
			isa = PBXGroup;
			children = (
				507D242A2B94FA2500FCCB6F /* HomeView.swift */,
				505FD9502BA46E8F00C0B306 /* HomeViewModel.swift */,
			);
			path = Home;
			sourceTree = "<group>";
		};
		502E553D2BAD9E2A00C2A7F2 /* Pushups */ = {
			isa = PBXGroup;
			children = (
				502E553E2BAD9E4B00C2A7F2 /* PushupsView.swift */,
				CEFA9D042BD52ACB001346CE /* PushupsViewModel.swift */,
			);
			path = Pushups;
			sourceTree = "<group>";
		};
		505FD9472BA4657600C0B306 /* Others */ = {
			isa = PBXGroup;
			children = (
				505FD9482BA4658B00C0B306 /* RoundedSpacer.swift */,
			);
			path = Others;
			sourceTree = "<group>";
		};
		505FD94A2BA4670800C0B306 /* Notes */ = {
			isa = PBXGroup;
			children = (
				505FD94B2BA4673C00C0B306 /* PROJECT NOTES.md */,
			);
			path = Notes;
			sourceTree = "<group>";
		};
		505FD94C2BA468B700C0B306 /* Models */ = {
			isa = PBXGroup;
			children = (
				505FD94E2BA468CB00C0B306 /* Day.swift */,
			);
			path = Models;
			sourceTree = "<group>";
		};
		507D24062B94F75900FCCB6F = {
			isa = PBXGroup;
			children = (
				507D24112B94F75900FCCB6F /* PushUps */,
				505FD94A2BA4670800C0B306 /* Notes */,
				507D24102B94F75900FCCB6F /* Products */,
			);
			sourceTree = "<group>";
		};
		507D24102B94F75900FCCB6F /* Products */ = {
			isa = PBXGroup;
			children = (
				507D240F2B94F75900FCCB6F /* PushUps.app */,
			);
			name = Products;
			sourceTree = "<group>";
		};
		507D24112B94F75900FCCB6F /* PushUps */ = {
			isa = PBXGroup;
			children = (
				507D24122B94F75900FCCB6F /* PushUpsApp.swift */,
				507D242C2B94FF0B00FCCB6F /* Onboarding */,
				507D24212B94F76D00FCCB6F /* Components */,
				507D24202B94F76900FCCB6F /* Core */,
				505FD94C2BA468B700C0B306 /* Models */,
				507D24162B94F75B00FCCB6F /* Assets.xcassets */,
				507D24182B94F75B00FCCB6F /* Preview Content */,
			);
			path = PushUps;
			sourceTree = "<group>";
		};
		507D24182B94F75B00FCCB6F /* Preview Content */ = {
			isa = PBXGroup;
			children = (
				507D24192B94F75B00FCCB6F /* Preview Assets.xcassets */,
			);
			path = "Preview Content";
			sourceTree = "<group>";
		};
		507D24202B94F76900FCCB6F /* Core */ = {
			isa = PBXGroup;
			children = (
				502E553C2BAD9E1E00C2A7F2 /* Home */,
				502E553D2BAD9E2A00C2A7F2 /* Pushups */,
			);
			path = Core;
			sourceTree = "<group>";
		};
		507D24212B94F76D00FCCB6F /* Components */ = {
			isa = PBXGroup;
			children = (
				505FD9472BA4657600C0B306 /* Others */,
				507D24262B94F83500FCCB6F /* ProgressBar */,
				507D24252B94F82E00FCCB6F /* Buttons */,
			);
			path = Components;
			sourceTree = "<group>";
		};
		507D24222B94F77800FCCB6F /* DayButton */ = {
			isa = PBXGroup;
			children = (
				507D24232B94F78A00FCCB6F /* DayButton.swift */,
			);
			path = DayButton;
			sourceTree = "<group>";
		};
		507D24252B94F82E00FCCB6F /* Buttons */ = {
			isa = PBXGroup;
			children = (
				507D24222B94F77800FCCB6F /* DayButton */,
			);
			path = Buttons;
			sourceTree = "<group>";
		};
		507D24262B94F83500FCCB6F /* ProgressBar */ = {
			isa = PBXGroup;
			children = (
				507D24272B94F83B00FCCB6F /* CircularProgressBar */,
			);
			path = ProgressBar;
			sourceTree = "<group>";
		};
		507D24272B94F83B00FCCB6F /* CircularProgressBar */ = {
			isa = PBXGroup;
			children = (
				507D24282B94F85D00FCCB6F /* CircularProgressBar.swift */,
			);
			path = CircularProgressBar;
			sourceTree = "<group>";
		};
		507D242C2B94FF0B00FCCB6F /* Onboarding */ = {
			isa = PBXGroup;
			children = (
				507D242E2B94FF2200FCCB6F /* OnboardingView.swift */,
				507D242D2B94FF1200FCCB6F /* HowManyPushUpsView */,
			);
			path = Onboarding;
			sourceTree = "<group>";
		};
		507D242D2B94FF1200FCCB6F /* HowManyPushUpsView */ = {
			isa = PBXGroup;
			children = (
				507D24302B9503AF00FCCB6F /* HowManyPushupsView.swift */,
			);
			path = HowManyPushUpsView;
			sourceTree = "<group>";
		};
/* End PBXGroup section */

/* Begin PBXNativeTarget section */
		507D240E2B94F75900FCCB6F /* PushUps */ = {
			isa = PBXNativeTarget;
			buildConfigurationList = 507D241D2B94F75B00FCCB6F /* Build configuration list for PBXNativeTarget "PushUps" */;
			buildPhases = (
				507D240B2B94F75900FCCB6F /* Sources */,
				507D240C2B94F75900FCCB6F /* Frameworks */,
				507D240D2B94F75900FCCB6F /* Resources */,
			);
			buildRules = (
			);
			dependencies = (
			);
			name = PushUps;
			productName = PushUps;
			productReference = 507D240F2B94F75900FCCB6F /* PushUps.app */;
			productType = "com.apple.product-type.application";
		};
/* End PBXNativeTarget section */

/* Begin PBXProject section */
		507D24072B94F75900FCCB6F /* Project object */ = {
			isa = PBXProject;
			attributes = {
				BuildIndependentTargetsInParallel = 1;
				LastSwiftUpdateCheck = 1520;
				LastUpgradeCheck = 1520;
				TargetAttributes = {
					507D240E2B94F75900FCCB6F = {
						CreatedOnToolsVersion = 15.2;
					};
				};
			};
			buildConfigurationList = 507D240A2B94F75900FCCB6F /* Build configuration list for PBXProject "PushUps" */;
			compatibilityVersion = "Xcode 14.0";
			developmentRegion = en;
			hasScannedForEncodings = 0;
			knownRegions = (
				en,
				Base,
			);
			mainGroup = 507D24062B94F75900FCCB6F;
			productRefGroup = 507D24102B94F75900FCCB6F /* Products */;
			projectDirPath = "";
			projectRoot = "";
			targets = (
				507D240E2B94F75900FCCB6F /* PushUps */,
			);
		};
/* End PBXProject section */

/* Begin PBXResourcesBuildPhase section */
		507D240D2B94F75900FCCB6F /* Resources */ = {
			isa = PBXResourcesBuildPhase;
			buildActionMask = 2147483647;
			files = (
				507D241A2B94F75B00FCCB6F /* Preview Assets.xcassets in Resources */,
				507D24172B94F75B00FCCB6F /* Assets.xcassets in Resources */,
			);
			runOnlyForDeploymentPostprocessing = 0;
		};
/* End PBXResourcesBuildPhase section */

/* Begin PBXSourcesBuildPhase section */
		507D240B2B94F75900FCCB6F /* Sources */ = {
			isa = PBXSourcesBuildPhase;
			buildActionMask = 2147483647;
			files = (
				507D24242B94F78A00FCCB6F /* DayButton.swift in Sources */,
				502E553F2BAD9E4B00C2A7F2 /* PushupsView.swift in Sources */,
				507D24132B94F75900FCCB6F /* PushUpsApp.swift in Sources */,
				507D242F2B94FF2200FCCB6F /* OnboardingView.swift in Sources */,
				507D242B2B94FA2500FCCB6F /* HomeView.swift in Sources */,
				505FD9492BA4658B00C0B306 /* RoundedSpacer.swift in Sources */,
				505FD94F2BA468CB00C0B306 /* Day.swift in Sources */,
				505FD9512BA46E8F00C0B306 /* HomeViewModel.swift in Sources */,
				CEFA9D052BD52ACB001346CE /* PushupsViewModel.swift in Sources */,
				507D24292B94F85D00FCCB6F /* CircularProgressBar.swift in Sources */,
				507D24312B9503AF00FCCB6F /* HowManyPushupsView.swift in Sources */,
			);
			runOnlyForDeploymentPostprocessing = 0;
		};
/* End PBXSourcesBuildPhase section */

/* Begin XCBuildConfiguration section */
		507D241B2B94F75B00FCCB6F /* Debug */ = {
			isa = XCBuildConfiguration;
			buildSettings = {
				ALWAYS_SEARCH_USER_PATHS = NO;
				ASSETCATALOG_COMPILER_GENERATE_SWIFT_ASSET_SYMBOL_EXTENSIONS = YES;
				CLANG_ANALYZER_NONNULL = YES;
				CLANG_ANALYZER_NUMBER_OBJECT_CONVERSION = YES_AGGRESSIVE;
				CLANG_CXX_LANGUAGE_STANDARD = "gnu++20";
				CLANG_ENABLE_MODULES = YES;
				CLANG_ENABLE_OBJC_ARC = YES;
				CLANG_ENABLE_OBJC_WEAK = YES;
				CLANG_WARN_BLOCK_CAPTURE_AUTORELEASING = YES;
				CLANG_WARN_BOOL_CONVERSION = YES;
				CLANG_WARN_COMMA = YES;
				CLANG_WARN_CONSTANT_CONVERSION = YES;
				CLANG_WARN_DEPRECATED_OBJC_IMPLEMENTATIONS = YES;
				CLANG_WARN_DIRECT_OBJC_ISA_USAGE = YES_ERROR;
				CLANG_WARN_DOCUMENTATION_COMMENTS = YES;
				CLANG_WARN_EMPTY_BODY = YES;
				CLANG_WARN_ENUM_CONVERSION = YES;
				CLANG_WARN_INFINITE_RECURSION = YES;
				CLANG_WARN_INT_CONVERSION = YES;
				CLANG_WARN_NON_LITERAL_NULL_CONVERSION = YES;
				CLANG_WARN_OBJC_IMPLICIT_RETAIN_SELF = YES;
				CLANG_WARN_OBJC_LITERAL_CONVERSION = YES;
				CLANG_WARN_OBJC_ROOT_CLASS = YES_ERROR;
				CLANG_WARN_QUOTED_INCLUDE_IN_FRAMEWORK_HEADER = YES;
				CLANG_WARN_RANGE_LOOP_ANALYSIS = YES;
				CLANG_WARN_STRICT_PROTOTYPES = YES;
				CLANG_WARN_SUSPICIOUS_MOVE = YES;
				CLANG_WARN_UNGUARDED_AVAILABILITY = YES_AGGRESSIVE;
				CLANG_WARN_UNREACHABLE_CODE = YES;
				CLANG_WARN__DUPLICATE_METHOD_MATCH = YES;
				COPY_PHASE_STRIP = NO;
				DEBUG_INFORMATION_FORMAT = dwarf;
				ENABLE_STRICT_OBJC_MSGSEND = YES;
				ENABLE_TESTABILITY = YES;
				ENABLE_USER_SCRIPT_SANDBOXING = YES;
				GCC_C_LANGUAGE_STANDARD = gnu17;
				GCC_DYNAMIC_NO_PIC = NO;
				GCC_NO_COMMON_BLOCKS = YES;
				GCC_OPTIMIZATION_LEVEL = 0;
				GCC_PREPROCESSOR_DEFINITIONS = (
					"DEBUG=1",
					"$(inherited)",
				);
				GCC_WARN_64_TO_32_BIT_CONVERSION = YES;
				GCC_WARN_ABOUT_RETURN_TYPE = YES_ERROR;
				GCC_WARN_UNDECLARED_SELECTOR = YES;
				GCC_WARN_UNINITIALIZED_AUTOS = YES_AGGRESSIVE;
				GCC_WARN_UNUSED_FUNCTION = YES;
				GCC_WARN_UNUSED_VARIABLE = YES;
				IPHONEOS_DEPLOYMENT_TARGET = 17.2;
				LOCALIZATION_PREFERS_STRING_CATALOGS = YES;
				MTL_ENABLE_DEBUG_INFO = INCLUDE_SOURCE;
				MTL_FAST_MATH = YES;
				ONLY_ACTIVE_ARCH = YES;
				SDKROOT = iphoneos;
				SWIFT_ACTIVE_COMPILATION_CONDITIONS = "DEBUG $(inherited)";
				SWIFT_OPTIMIZATION_LEVEL = "-Onone";
			};
			name = Debug;
		};
		507D241C2B94F75B00FCCB6F /* Release */ = {
			isa = XCBuildConfiguration;
			buildSettings = {
				ALWAYS_SEARCH_USER_PATHS = NO;
				ASSETCATALOG_COMPILER_GENERATE_SWIFT_ASSET_SYMBOL_EXTENSIONS = YES;
				CLANG_ANALYZER_NONNULL = YES;
				CLANG_ANALYZER_NUMBER_OBJECT_CONVERSION = YES_AGGRESSIVE;
				CLANG_CXX_LANGUAGE_STANDARD = "gnu++20";
				CLANG_ENABLE_MODULES = YES;
				CLANG_ENABLE_OBJC_ARC = YES;
				CLANG_ENABLE_OBJC_WEAK = YES;
				CLANG_WARN_BLOCK_CAPTURE_AUTORELEASING = YES;
				CLANG_WARN_BOOL_CONVERSION = YES;
				CLANG_WARN_COMMA = YES;
				CLANG_WARN_CONSTANT_CONVERSION = YES;
				CLANG_WARN_DEPRECATED_OBJC_IMPLEMENTATIONS = YES;
				CLANG_WARN_DIRECT_OBJC_ISA_USAGE = YES_ERROR;
				CLANG_WARN_DOCUMENTATION_COMMENTS = YES;
				CLANG_WARN_EMPTY_BODY = YES;
				CLANG_WARN_ENUM_CONVERSION = YES;
				CLANG_WARN_INFINITE_RECURSION = YES;
				CLANG_WARN_INT_CONVERSION = YES;
				CLANG_WARN_NON_LITERAL_NULL_CONVERSION = YES;
				CLANG_WARN_OBJC_IMPLICIT_RETAIN_SELF = YES;
				CLANG_WARN_OBJC_LITERAL_CONVERSION = YES;
				CLANG_WARN_OBJC_ROOT_CLASS = YES_ERROR;
				CLANG_WARN_QUOTED_INCLUDE_IN_FRAMEWORK_HEADER = YES;
				CLANG_WARN_RANGE_LOOP_ANALYSIS = YES;
				CLANG_WARN_STRICT_PROTOTYPES = YES;
				CLANG_WARN_SUSPICIOUS_MOVE = YES;
				CLANG_WARN_UNGUARDED_AVAILABILITY = YES_AGGRESSIVE;
				CLANG_WARN_UNREACHABLE_CODE = YES;
				CLANG_WARN__DUPLICATE_METHOD_MATCH = YES;
				COPY_PHASE_STRIP = NO;
				DEBUG_INFORMATION_FORMAT = "dwarf-with-dsym";
				ENABLE_NS_ASSERTIONS = NO;
				ENABLE_STRICT_OBJC_MSGSEND = YES;
				ENABLE_USER_SCRIPT_SANDBOXING = YES;
				GCC_C_LANGUAGE_STANDARD = gnu17;
				GCC_NO_COMMON_BLOCKS = YES;
				GCC_WARN_64_TO_32_BIT_CONVERSION = YES;
				GCC_WARN_ABOUT_RETURN_TYPE = YES_ERROR;
				GCC_WARN_UNDECLARED_SELECTOR = YES;
				GCC_WARN_UNINITIALIZED_AUTOS = YES_AGGRESSIVE;
				GCC_WARN_UNUSED_FUNCTION = YES;
				GCC_WARN_UNUSED_VARIABLE = YES;
				IPHONEOS_DEPLOYMENT_TARGET = 17.2;
				LOCALIZATION_PREFERS_STRING_CATALOGS = YES;
				MTL_ENABLE_DEBUG_INFO = NO;
				MTL_FAST_MATH = YES;
				SDKROOT = iphoneos;
				SWIFT_COMPILATION_MODE = wholemodule;
				VALIDATE_PRODUCT = YES;
			};
			name = Release;
		};
		507D241E2B94F75B00FCCB6F /* Debug */ = {
			isa = XCBuildConfiguration;
			buildSettings = {
				ASSETCATALOG_COMPILER_APPICON_NAME = AppIcon;
				ASSETCATALOG_COMPILER_GLOBAL_ACCENT_COLOR_NAME = AccentColor;
				CODE_SIGN_STYLE = Automatic;
				CURRENT_PROJECT_VERSION = 1;
				DEVELOPMENT_ASSET_PATHS = "\"PushUps/Preview Content\"";
				DEVELOPMENT_TEAM = YA24P24868;
				ENABLE_PREVIEWS = YES;
				GENERATE_INFOPLIST_FILE = YES;
				INFOPLIST_KEY_NSCameraUsageDescription = caca;
				INFOPLIST_KEY_UIApplicationSceneManifest_Generation = YES;
				INFOPLIST_KEY_UIApplicationSupportsIndirectInputEvents = YES;
				INFOPLIST_KEY_UILaunchScreen_Generation = YES;
				INFOPLIST_KEY_UISupportedInterfaceOrientations_iPad = "UIInterfaceOrientationPortrait UIInterfaceOrientationPortraitUpsideDown UIInterfaceOrientationLandscapeLeft UIInterfaceOrientationLandscapeRight";
				INFOPLIST_KEY_UISupportedInterfaceOrientations_iPhone = "UIInterfaceOrientationPortrait UIInterfaceOrientationLandscapeLeft UIInterfaceOrientationLandscapeRight";
				INFOPLIST_KEY_UIUserInterfaceStyle = Dark;
				LD_RUNPATH_SEARCH_PATHS = (
					"$(inherited)",
					"@executable_path/Frameworks",
				);
				MARKETING_VERSION = 1.0;
				PRODUCT_BUNDLE_IDENTIFIER = com.cortex.PushUps;
				PRODUCT_NAME = "$(TARGET_NAME)";
				SWIFT_EMIT_LOC_STRINGS = YES;
				SWIFT_VERSION = 5.0;
				TARGETED_DEVICE_FAMILY = "1,2";
			};
			name = Debug;
		};
		507D241F2B94F75B00FCCB6F /* Release */ = {
			isa = XCBuildConfiguration;
			buildSettings = {
				ASSETCATALOG_COMPILER_APPICON_NAME = AppIcon;
				ASSETCATALOG_COMPILER_GLOBAL_ACCENT_COLOR_NAME = AccentColor;
				CODE_SIGN_STYLE = Automatic;
				CURRENT_PROJECT_VERSION = 1;
				DEVELOPMENT_ASSET_PATHS = "\"PushUps/Preview Content\"";
				DEVELOPMENT_TEAM = YA24P24868;
				ENABLE_PREVIEWS = YES;
				GENERATE_INFOPLIST_FILE = YES;
				INFOPLIST_KEY_NSCameraUsageDescription = caca;
				INFOPLIST_KEY_UIApplicationSceneManifest_Generation = YES;
				INFOPLIST_KEY_UIApplicationSupportsIndirectInputEvents = YES;
				INFOPLIST_KEY_UILaunchScreen_Generation = YES;
				INFOPLIST_KEY_UISupportedInterfaceOrientations_iPad = "UIInterfaceOrientationPortrait UIInterfaceOrientationPortraitUpsideDown UIInterfaceOrientationLandscapeLeft UIInterfaceOrientationLandscapeRight";
				INFOPLIST_KEY_UISupportedInterfaceOrientations_iPhone = "UIInterfaceOrientationPortrait UIInterfaceOrientationLandscapeLeft UIInterfaceOrientationLandscapeRight";
				INFOPLIST_KEY_UIUserInterfaceStyle = Dark;
				LD_RUNPATH_SEARCH_PATHS = (
					"$(inherited)",
					"@executable_path/Frameworks",
				);
				MARKETING_VERSION = 1.0;
				PRODUCT_BUNDLE_IDENTIFIER = com.cortex.PushUps;
				PRODUCT_NAME = "$(TARGET_NAME)";
				SWIFT_EMIT_LOC_STRINGS = YES;
				SWIFT_VERSION = 5.0;
				TARGETED_DEVICE_FAMILY = "1,2";
			};
			name = Release;
		};
/* End XCBuildConfiguration section */

/* Begin XCConfigurationList section */
		507D240A2B94F75900FCCB6F /* Build configuration list for PBXProject "PushUps" */ = {
			isa = XCConfigurationList;
			buildConfigurations = (
				507D241B2B94F75B00FCCB6F /* Debug */,
				507D241C2B94F75B00FCCB6F /* Release */,
			);
			defaultConfigurationIsVisible = 0;
			defaultConfigurationName = Release;
		};
		507D241D2B94F75B00FCCB6F /* Build configuration list for PBXNativeTarget "PushUps" */ = {
			isa = XCConfigurationList;
			buildConfigurations = (
				507D241E2B94F75B00FCCB6F /* Debug */,
				507D241F2B94F75B00FCCB6F /* Release */,
			);
			defaultConfigurationIsVisible = 0;
			defaultConfigurationName = Release;
		};
/* End XCConfigurationList section */
	};
	rootObject = 507D24072B94F75900FCCB6F /* Project object */;
}
